// !$*UTF8*$!
{
	archiveVersion = 1;
	classes = {
	};
	objectVersion = 46;
	objects = {

/* Begin PBXBuildFile section */
		1C07893B204675EE00B70AD7 /* CBPatternLayoutInfo.swift in Sources */ = {isa = PBXBuildFile; fileRef = 1C078939204675EE00B70AD7 /* CBPatternLayoutInfo.swift */; };
		1C07893C204675EE00B70AD7 /* CBPatternLayout.swift in Sources */ = {isa = PBXBuildFile; fileRef = 1C07893A204675EE00B70AD7 /* CBPatternLayout.swift */; };
		1C3C89071F30258C003B0309 /* CBFilterInfo.swift in Sources */ = {isa = PBXBuildFile; fileRef = 1C3C89061F30258C003B0309 /* CBFilterInfo.swift */; };
		1C3C89091F3025E7003B0309 /* CBQuiltItemLoader.swift in Sources */ = {isa = PBXBuildFile; fileRef = 1C3C89081F3025E7003B0309 /* CBQuiltItemLoader.swift */; };
		1C3C890C1F3072CE003B0309 /* 01.acv in Resources */ = {isa = PBXBuildFile; fileRef = 1C3C890B1F3072CE003B0309 /* 01.acv */; };
		1C3C89111F308080003B0309 /* 02.acv in Resources */ = {isa = PBXBuildFile; fileRef = 1C3C890F1F307691003B0309 /* 02.acv */; };
		1C3C89121F308083003B0309 /* 03.acv in Resources */ = {isa = PBXBuildFile; fileRef = 1C3C89101F307691003B0309 /* 03.acv */; };
		1C7FC9851F282AE300FBC5DA /* AppDelegate.swift in Sources */ = {isa = PBXBuildFile; fileRef = 1C7FC9841F282AE300FBC5DA /* AppDelegate.swift */; };
		1C7FC9871F282AE300FBC5DA /* ViewController.swift in Sources */ = {isa = PBXBuildFile; fileRef = 1C7FC9861F282AE300FBC5DA /* ViewController.swift */; };
		1C7FC98A1F282AE300FBC5DA /* Main.storyboard in Resources */ = {isa = PBXBuildFile; fileRef = 1C7FC9881F282AE300FBC5DA /* Main.storyboard */; };
		1C7FC98C1F282AE300FBC5DA /* Assets.xcassets in Resources */ = {isa = PBXBuildFile; fileRef = 1C7FC98B1F282AE300FBC5DA /* Assets.xcassets */; };
		1C7FC98F1F282AE300FBC5DA /* LaunchScreen.storyboard in Resources */ = {isa = PBXBuildFile; fileRef = 1C7FC98D1F282AE300FBC5DA /* LaunchScreen.storyboard */; };
		1C7FC9A51F2AF98D00FBC5DA /* CBQuiltEditorView.swift in Sources */ = {isa = PBXBuildFile; fileRef = 1C7FC9A31F2AF98D00FBC5DA /* CBQuiltEditorView.swift */; };
		1C7FC9A61F2AF98D00FBC5DA /* CBQuiltLayout.swift in Sources */ = {isa = PBXBuildFile; fileRef = 1C7FC9A41F2AF98D00FBC5DA /* CBQuiltLayout.swift */; };
		1C7FC9A81F2AF9A400FBC5DA /* CBQuiltEditorView.xib in Resources */ = {isa = PBXBuildFile; fileRef = 1C7FC9A71F2AF9A400FBC5DA /* CBQuiltEditorView.xib */; };
		1C7FC9AB1F2AFD2100FBC5DA /* CBQuiltScrollCell.swift in Sources */ = {isa = PBXBuildFile; fileRef = 1C7FC9A91F2AFD2100FBC5DA /* CBQuiltScrollCell.swift */; };
		1C7FC9AC1F2AFD2100FBC5DA /* CBQuiltScrollCell.xib in Resources */ = {isa = PBXBuildFile; fileRef = 1C7FC9AA1F2AFD2100FBC5DA /* CBQuiltScrollCell.xib */; };
		1CC6F0801F2F1B7D00449CBF /* CBScrollViewExtension.swift in Sources */ = {isa = PBXBuildFile; fileRef = 1CC6F07F1F2F1B7D00449CBF /* CBScrollViewExtension.swift */; };
		1CC6F0841F2F25D400449CBF /* ResultViewController.swift in Sources */ = {isa = PBXBuildFile; fileRef = 1CC6F0831F2F25D400449CBF /* ResultViewController.swift */; };
		1CE0D910203EA1010079E452 /* CBStoryPreviewGridLayout.swift in Sources */ = {isa = PBXBuildFile; fileRef = 1CE0D90F203EA1000079E452 /* CBStoryPreviewGridLayout.swift */; };
		78A2CD9F48F8145C213E905E /* Pods_GridMaker.framework in Frameworks */ = {isa = PBXBuildFile; fileRef = 1DD90E6FFEC3B7A4D9B814F3 /* Pods_GridMaker.framework */; };
/* End PBXBuildFile section */

/* Begin PBXFileReference section */
		1C078939204675EE00B70AD7 /* CBPatternLayoutInfo.swift */ = {isa = PBXFileReference; fileEncoding = 4; lastKnownFileType = sourcecode.swift; path = CBPatternLayoutInfo.swift; sourceTree = "<group>"; };
		1C07893A204675EE00B70AD7 /* CBPatternLayout.swift */ = {isa = PBXFileReference; fileEncoding = 4; lastKnownFileType = sourcecode.swift; path = CBPatternLayout.swift; sourceTree = "<group>"; };
		1C3C89061F30258C003B0309 /* CBFilterInfo.swift */ = {isa = PBXFileReference; fileEncoding = 4; lastKnownFileType = sourcecode.swift; path = CBFilterInfo.swift; sourceTree = "<group>"; };
		1C3C89081F3025E7003B0309 /* CBQuiltItemLoader.swift */ = {isa = PBXFileReference; fileEncoding = 4; lastKnownFileType = sourcecode.swift; path = CBQuiltItemLoader.swift; sourceTree = "<group>"; };
		1C3C890B1F3072CE003B0309 /* 01.acv */ = {isa = PBXFileReference; lastKnownFileType = file; path = 01.acv; sourceTree = "<group>"; };
		1C3C890F1F307691003B0309 /* 02.acv */ = {isa = PBXFileReference; lastKnownFileType = file; path = 02.acv; sourceTree = "<group>"; };
		1C3C89101F307691003B0309 /* 03.acv */ = {isa = PBXFileReference; lastKnownFileType = file; path = 03.acv; sourceTree = "<group>"; };
		1C7FC9811F282AE300FBC5DA /* GridMaker.app */ = {isa = PBXFileReference; explicitFileType = wrapper.application; includeInIndex = 0; path = GridMaker.app; sourceTree = BUILT_PRODUCTS_DIR; };
		1C7FC9841F282AE300FBC5DA /* AppDelegate.swift */ = {isa = PBXFileReference; lastKnownFileType = sourcecode.swift; path = AppDelegate.swift; sourceTree = "<group>"; };
		1C7FC9861F282AE300FBC5DA /* ViewController.swift */ = {isa = PBXFileReference; lastKnownFileType = sourcecode.swift; path = ViewController.swift; sourceTree = "<group>"; };
		1C7FC9891F282AE300FBC5DA /* Base */ = {isa = PBXFileReference; lastKnownFileType = file.storyboard; name = Base; path = Base.lproj/Main.storyboard; sourceTree = "<group>"; };
		1C7FC98B1F282AE300FBC5DA /* Assets.xcassets */ = {isa = PBXFileReference; lastKnownFileType = folder.assetcatalog; path = Assets.xcassets; sourceTree = "<group>"; };
		1C7FC98E1F282AE300FBC5DA /* Base */ = {isa = PBXFileReference; lastKnownFileType = file.storyboard; name = Base; path = Base.lproj/LaunchScreen.storyboard; sourceTree = "<group>"; };
		1C7FC9901F282AE300FBC5DA /* Info.plist */ = {isa = PBXFileReference; lastKnownFileType = text.plist.xml; path = Info.plist; sourceTree = "<group>"; };
		1C7FC9A31F2AF98D00FBC5DA /* CBQuiltEditorView.swift */ = {isa = PBXFileReference; fileEncoding = 4; lastKnownFileType = sourcecode.swift; path = CBQuiltEditorView.swift; sourceTree = "<group>"; };
		1C7FC9A41F2AF98D00FBC5DA /* CBQuiltLayout.swift */ = {isa = PBXFileReference; fileEncoding = 4; lastKnownFileType = sourcecode.swift; path = CBQuiltLayout.swift; sourceTree = "<group>"; };
		1C7FC9A71F2AF9A400FBC5DA /* CBQuiltEditorView.xib */ = {isa = PBXFileReference; fileEncoding = 4; lastKnownFileType = file.xib; path = CBQuiltEditorView.xib; sourceTree = "<group>"; };
		1C7FC9A91F2AFD2100FBC5DA /* CBQuiltScrollCell.swift */ = {isa = PBXFileReference; fileEncoding = 4; lastKnownFileType = sourcecode.swift; path = CBQuiltScrollCell.swift; sourceTree = "<group>"; };
		1C7FC9AA1F2AFD2100FBC5DA /* CBQuiltScrollCell.xib */ = {isa = PBXFileReference; fileEncoding = 4; lastKnownFileType = file.xib; path = CBQuiltScrollCell.xib; sourceTree = "<group>"; };
		1CC6F07F1F2F1B7D00449CBF /* CBScrollViewExtension.swift */ = {isa = PBXFileReference; fileEncoding = 4; lastKnownFileType = sourcecode.swift; path = CBScrollViewExtension.swift; sourceTree = "<group>"; };
		1CC6F0831F2F25D400449CBF /* ResultViewController.swift */ = {isa = PBXFileReference; fileEncoding = 4; lastKnownFileType = sourcecode.swift; path = ResultViewController.swift; sourceTree = "<group>"; };
		1CE0D90F203EA1000079E452 /* CBStoryPreviewGridLayout.swift */ = {isa = PBXFileReference; fileEncoding = 4; lastKnownFileType = sourcecode.swift; path = CBStoryPreviewGridLayout.swift; sourceTree = "<group>"; };
		1DD90E6FFEC3B7A4D9B814F3 /* Pods_GridMaker.framework */ = {isa = PBXFileReference; explicitFileType = wrapper.framework; includeInIndex = 0; path = Pods_GridMaker.framework; sourceTree = BUILT_PRODUCTS_DIR; };
		CE7A319778975AD5D28E324B /* Pods-GridMaker.debug.xcconfig */ = {isa = PBXFileReference; includeInIndex = 1; lastKnownFileType = text.xcconfig; name = "Pods-GridMaker.debug.xcconfig"; path = "Pods/Target Support Files/Pods-GridMaker/Pods-GridMaker.debug.xcconfig"; sourceTree = "<group>"; };
		DCCC1DBAA46A2976508188BC /* Pods-GridMaker.release.xcconfig */ = {isa = PBXFileReference; includeInIndex = 1; lastKnownFileType = text.xcconfig; name = "Pods-GridMaker.release.xcconfig"; path = "Pods/Target Support Files/Pods-GridMaker/Pods-GridMaker.release.xcconfig"; sourceTree = "<group>"; };
/* End PBXFileReference section */

/* Begin PBXFrameworksBuildPhase section */
		1C7FC97E1F282AE300FBC5DA /* Frameworks */ = {
			isa = PBXFrameworksBuildPhase;
			buildActionMask = 2147483647;
			files = (
				78A2CD9F48F8145C213E905E /* Pods_GridMaker.framework in Frameworks */,
			);
			runOnlyForDeploymentPostprocessing = 0;
		};
/* End PBXFrameworksBuildPhase section */

/* Begin PBXGroup section */
		1C3C890A1F3072CE003B0309 /* Resources */ = {
			isa = PBXGroup;
			children = (
				1C3C890B1F3072CE003B0309 /* 01.acv */,
				1C3C890F1F307691003B0309 /* 02.acv */,
				1C3C89101F307691003B0309 /* 03.acv */,
			);
			path = Resources;
			sourceTree = "<group>";
		};
		1C7FC9781F282AE200FBC5DA = {
			isa = PBXGroup;
			children = (
				1C7FC9831F282AE300FBC5DA /* GridMaker */,
				1C7FC9821F282AE300FBC5DA /* Products */,
				7987B936A272A2645D79B528 /* Pods */,
				4A85BE7F6A6358A028EBD223 /* Frameworks */,
			);
			sourceTree = "<group>";
		};
		1C7FC9821F282AE300FBC5DA /* Products */ = {
			isa = PBXGroup;
			children = (
				1C7FC9811F282AE300FBC5DA /* GridMaker.app */,
			);
			name = Products;
			sourceTree = "<group>";
		};
		1C7FC9831F282AE300FBC5DA /* GridMaker */ = {
			isa = PBXGroup;
			children = (
				1C3C890A1F3072CE003B0309 /* Resources */,
				1C7FC9A21F2AF98D00FBC5DA /* QuiltEditor */,
				1C7FC9841F282AE300FBC5DA /* AppDelegate.swift */,
				1C7FC9861F282AE300FBC5DA /* ViewController.swift */,
				1C7FC9881F282AE300FBC5DA /* Main.storyboard */,
				1C7FC98B1F282AE300FBC5DA /* Assets.xcassets */,
				1C7FC98D1F282AE300FBC5DA /* LaunchScreen.storyboard */,
				1C7FC9901F282AE300FBC5DA /* Info.plist */,
				1CC6F0831F2F25D400449CBF /* ResultViewController.swift */,
			);
			path = GridMaker;
			sourceTree = "<group>";
		};
		1C7FC9A21F2AF98D00FBC5DA /* QuiltEditor */ = {
			isa = PBXGroup;
			children = (
				1C7FC9A31F2AF98D00FBC5DA /* CBQuiltEditorView.swift */,
				1CE0D90F203EA1000079E452 /* CBStoryPreviewGridLayout.swift */,
				1C07893A204675EE00B70AD7 /* CBPatternLayout.swift */,
				1C078939204675EE00B70AD7 /* CBPatternLayoutInfo.swift */,
				1C7FC9A41F2AF98D00FBC5DA /* CBQuiltLayout.swift */,
				1C7FC9A71F2AF9A400FBC5DA /* CBQuiltEditorView.xib */,
				1C7FC9A91F2AFD2100FBC5DA /* CBQuiltScrollCell.swift */,
				1C7FC9AA1F2AFD2100FBC5DA /* CBQuiltScrollCell.xib */,
				1CC6F07F1F2F1B7D00449CBF /* CBScrollViewExtension.swift */,
				1C3C89061F30258C003B0309 /* CBFilterInfo.swift */,
				1C3C89081F3025E7003B0309 /* CBQuiltItemLoader.swift */,
			);
			path = QuiltEditor;
			sourceTree = "<group>";
		};
		4A85BE7F6A6358A028EBD223 /* Frameworks */ = {
			isa = PBXGroup;
			children = (
				1DD90E6FFEC3B7A4D9B814F3 /* Pods_GridMaker.framework */,
			);
			name = Frameworks;
			sourceTree = "<group>";
		};
		7987B936A272A2645D79B528 /* Pods */ = {
			isa = PBXGroup;
			children = (
				CE7A319778975AD5D28E324B /* Pods-GridMaker.debug.xcconfig */,
				DCCC1DBAA46A2976508188BC /* Pods-GridMaker.release.xcconfig */,
			);
			name = Pods;
			sourceTree = "<group>";
		};
/* End PBXGroup section */

/* Begin PBXNativeTarget section */
		1C7FC9801F282AE300FBC5DA /* GridMaker */ = {
			isa = PBXNativeTarget;
			buildConfigurationList = 1C7FC9931F282AE300FBC5DA /* Build configuration list for PBXNativeTarget "GridMaker" */;
			buildPhases = (
				F336B9FAF4C3F46819E1C42E /* [CP] Check Pods Manifest.lock */,
				1C7FC97D1F282AE300FBC5DA /* Sources */,
				1C7FC97E1F282AE300FBC5DA /* Frameworks */,
				1C7FC97F1F282AE300FBC5DA /* Resources */,
				2FFCE0820261EC8F1B40757C /* [CP] Embed Pods Frameworks */,
				4498175A4CD95CB42B757392 /* [CP] Copy Pods Resources */,
			);
			buildRules = (
			);
			dependencies = (
			);
			name = GridMaker;
			productName = GridMaker;
			productReference = 1C7FC9811F282AE300FBC5DA /* GridMaker.app */;
			productType = "com.apple.product-type.application";
		};
/* End PBXNativeTarget section */

/* Begin PBXProject section */
		1C7FC9791F282AE200FBC5DA /* Project object */ = {
			isa = PBXProject;
			attributes = {
				LastSwiftUpdateCheck = 0830;
				LastUpgradeCheck = 0830;
				ORGANIZATIONNAME = "jeongkyu kim";
				TargetAttributes = {
					1C7FC9801F282AE300FBC5DA = {
						CreatedOnToolsVersion = 8.3.3;
						DevelopmentTeam = LESN4U5NE7;
						LastSwiftMigration = 0830;
						ProvisioningStyle = Automatic;
					};
				};
			};
			buildConfigurationList = 1C7FC97C1F282AE200FBC5DA /* Build configuration list for PBXProject "GridMaker" */;
			compatibilityVersion = "Xcode 3.2";
			developmentRegion = English;
			hasScannedForEncodings = 0;
			knownRegions = (
				en,
				Base,
			);
			mainGroup = 1C7FC9781F282AE200FBC5DA;
			productRefGroup = 1C7FC9821F282AE300FBC5DA /* Products */;
			projectDirPath = "";
			projectRoot = "";
			targets = (
				1C7FC9801F282AE300FBC5DA /* GridMaker */,
			);
		};
/* End PBXProject section */

/* Begin PBXResourcesBuildPhase section */
		1C7FC97F1F282AE300FBC5DA /* Resources */ = {
			isa = PBXResourcesBuildPhase;
			buildActionMask = 2147483647;
			files = (
				1C7FC9AC1F2AFD2100FBC5DA /* CBQuiltScrollCell.xib in Resources */,
				1C3C89121F308083003B0309 /* 03.acv in Resources */,
				1C3C890C1F3072CE003B0309 /* 01.acv in Resources */,
				1C7FC98F1F282AE300FBC5DA /* LaunchScreen.storyboard in Resources */,
				1C7FC9A81F2AF9A400FBC5DA /* CBQuiltEditorView.xib in Resources */,
				1C7FC98C1F282AE300FBC5DA /* Assets.xcassets in Resources */,
				1C7FC98A1F282AE300FBC5DA /* Main.storyboard in Resources */,
				1C3C89111F308080003B0309 /* 02.acv in Resources */,
			);
			runOnlyForDeploymentPostprocessing = 0;
		};
/* End PBXResourcesBuildPhase section */

/* Begin PBXShellScriptBuildPhase section */
		2FFCE0820261EC8F1B40757C /* [CP] Embed Pods Frameworks */ = {
			isa = PBXShellScriptBuildPhase;
			buildActionMask = 2147483647;
			files = (
			);
			inputPaths = (
			);
			name = "[CP] Embed Pods Frameworks";
			outputPaths = (
			);
			runOnlyForDeploymentPostprocessing = 0;
			shellPath = /bin/sh;
			shellScript = "\"${SRCROOT}/Pods/Target Support Files/Pods-GridMaker/Pods-GridMaker-frameworks.sh\"\n";
			showEnvVarsInLog = 0;
		};
		4498175A4CD95CB42B757392 /* [CP] Copy Pods Resources */ = {
			isa = PBXShellScriptBuildPhase;
			buildActionMask = 2147483647;
			files = (
			);
			inputPaths = (
			);
			name = "[CP] Copy Pods Resources";
			outputPaths = (
			);
			runOnlyForDeploymentPostprocessing = 0;
			shellPath = /bin/sh;
			shellScript = "\"${SRCROOT}/Pods/Target Support Files/Pods-GridMaker/Pods-GridMaker-resources.sh\"\n";
			showEnvVarsInLog = 0;
		};
		F336B9FAF4C3F46819E1C42E /* [CP] Check Pods Manifest.lock */ = {
			isa = PBXShellScriptBuildPhase;
			buildActionMask = 2147483647;
			files = (
			);
			inputPaths = (
			);
			name = "[CP] Check Pods Manifest.lock";
			outputPaths = (
			);
			runOnlyForDeploymentPostprocessing = 0;
			shellPath = /bin/sh;
			shellScript = "diff \"${PODS_PODFILE_DIR_PATH}/Podfile.lock\" \"${PODS_ROOT}/Manifest.lock\" > /dev/null\nif [ $? != 0 ] ; then\n    # print error to STDERR\n    echo \"error: The sandbox is not in sync with the Podfile.lock. Run 'pod install' or update your CocoaPods installation.\" >&2\n    exit 1\nfi\n";
			showEnvVarsInLog = 0;
		};
/* End PBXShellScriptBuildPhase section */

/* Begin PBXSourcesBuildPhase section */
		1C7FC97D1F282AE300FBC5DA /* Sources */ = {
			isa = PBXSourcesBuildPhase;
			buildActionMask = 2147483647;
			files = (
				1C3C89071F30258C003B0309 /* CBFilterInfo.swift in Sources */,
				1C3C89091F3025E7003B0309 /* CBQuiltItemLoader.swift in Sources */,
				1C7FC9A61F2AF98D00FBC5DA /* CBQuiltLayout.swift in Sources */,
				1C7FC9A51F2AF98D00FBC5DA /* CBQuiltEditorView.swift in Sources */,
				1CC6F0841F2F25D400449CBF /* ResultViewController.swift in Sources */,
				1C7FC9871F282AE300FBC5DA /* ViewController.swift in Sources */,
				1C7FC9AB1F2AFD2100FBC5DA /* CBQuiltScrollCell.swift in Sources */,
				1CE0D910203EA1010079E452 /* CBStoryPreviewGridLayout.swift in Sources */,
				1C07893B204675EE00B70AD7 /* CBPatternLayoutInfo.swift in Sources */,
				1C07893C204675EE00B70AD7 /* CBPatternLayout.swift in Sources */,
				1CC6F0801F2F1B7D00449CBF /* CBScrollViewExtension.swift in Sources */,
				1C7FC9851F282AE300FBC5DA /* AppDelegate.swift in Sources */,
			);
			runOnlyForDeploymentPostprocessing = 0;
		};
/* End PBXSourcesBuildPhase section */

/* Begin PBXVariantGroup section */
		1C7FC9881F282AE300FBC5DA /* Main.storyboard */ = {
			isa = PBXVariantGroup;
			children = (
				1C7FC9891F282AE300FBC5DA /* Base */,
			);
			name = Main.storyboard;
			sourceTree = "<group>";
		};
		1C7FC98D1F282AE300FBC5DA /* LaunchScreen.storyboard */ = {
			isa = PBXVariantGroup;
			children = (
				1C7FC98E1F282AE300FBC5DA /* Base */,
			);
			name = LaunchScreen.storyboard;
			sourceTree = "<group>";
		};
/* End PBXVariantGroup section */

/* Begin XCBuildConfiguration section */
		1C7FC9911F282AE300FBC5DA /* Debug */ = {
			isa = XCBuildConfiguration;
			buildSettings = {
				ALWAYS_SEARCH_USER_PATHS = NO;
				CLANG_ANALYZER_NONNULL = YES;
				CLANG_ANALYZER_NUMBER_OBJECT_CONVERSION = YES_AGGRESSIVE;
				CLANG_CXX_LANGUAGE_STANDARD = "gnu++0x";
				CLANG_CXX_LIBRARY = "libc++";
				CLANG_ENABLE_MODULES = YES;
				CLANG_ENABLE_OBJC_ARC = YES;
				CLANG_WARN_BOOL_CONVERSION = YES;
				CLANG_WARN_CONSTANT_CONVERSION = YES;
				CLANG_WARN_DIRECT_OBJC_ISA_USAGE = YES_ERROR;
				CLANG_WARN_DOCUMENTATION_COMMENTS = YES;
				CLANG_WARN_EMPTY_BODY = YES;
				CLANG_WARN_ENUM_CONVERSION = YES;
				CLANG_WARN_INFINITE_RECURSION = YES;
				CLANG_WARN_INT_CONVERSION = YES;
				CLANG_WARN_OBJC_ROOT_CLASS = YES_ERROR;
				CLANG_WARN_SUSPICIOUS_MOVE = YES;
				CLANG_WARN_UNREACHABLE_CODE = YES;
				CLANG_WARN__DUPLICATE_METHOD_MATCH = YES;
				"CODE_SIGN_IDENTITY[sdk=iphoneos*]" = "iPhone Developer";
				COPY_PHASE_STRIP = NO;
				DEBUG_INFORMATION_FORMAT = dwarf;
				ENABLE_STRICT_OBJC_MSGSEND = YES;
				ENABLE_TESTABILITY = YES;
				GCC_C_LANGUAGE_STANDARD = gnu99;
				GCC_DYNAMIC_NO_PIC = NO;
				GCC_NO_COMMON_BLOCKS = YES;
				GCC_OPTIMIZATION_LEVEL = 0;
				GCC_PREPROCESSOR_DEFINITIONS = (
					"DEBUG=1",
					"$(inherited)",
				);
				GCC_WARN_64_TO_32_BIT_CONVERSION = YES;
				GCC_WARN_ABOUT_RETURN_TYPE = YES_ERROR;
				GCC_WARN_UNDECLARED_SELECTOR = YES;
				GCC_WARN_UNINITIALIZED_AUTOS = YES_AGGRESSIVE;
				GCC_WARN_UNUSED_FUNCTION = YES;
				GCC_WARN_UNUSED_VARIABLE = YES;
				IPHONEOS_DEPLOYMENT_TARGET = 10.3;
				MTL_ENABLE_DEBUG_INFO = YES;
				ONLY_ACTIVE_ARCH = YES;
				SDKROOT = iphoneos;
				SWIFT_ACTIVE_COMPILATION_CONDITIONS = DEBUG;
				SWIFT_OPTIMIZATION_LEVEL = "-Onone";
				TARGETED_DEVICE_FAMILY = "1,2";
			};
			name = Debug;
		};
		1C7FC9921F282AE300FBC5DA /* Release */ = {
			isa = XCBuildConfiguration;
			buildSettings = {
				ALWAYS_SEARCH_USER_PATHS = NO;
				CLANG_ANALYZER_NONNULL = YES;
				CLANG_ANALYZER_NUMBER_OBJECT_CONVERSION = YES_AGGRESSIVE;
				CLANG_CXX_LANGUAGE_STANDARD = "gnu++0x";
				CLANG_CXX_LIBRARY = "libc++";
				CLANG_ENABLE_MODULES = YES;
				CLANG_ENABLE_OBJC_ARC = YES;
				CLANG_WARN_BOOL_CONVERSION = YES;
				CLANG_WARN_CONSTANT_CONVERSION = YES;
				CLANG_WARN_DIRECT_OBJC_ISA_USAGE = YES_ERROR;
				CLANG_WARN_DOCUMENTATION_COMMENTS = YES;
				CLANG_WARN_EMPTY_BODY = YES;
				CLANG_WARN_ENUM_CONVERSION = YES;
				CLANG_WARN_INFINITE_RECURSION = YES;
				CLANG_WARN_INT_CONVERSION = YES;
				CLANG_WARN_OBJC_ROOT_CLASS = YES_ERROR;
				CLANG_WARN_SUSPICIOUS_MOVE = YES;
				CLANG_WARN_UNREACHABLE_CODE = YES;
				CLANG_WARN__DUPLICATE_METHOD_MATCH = YES;
				"CODE_SIGN_IDENTITY[sdk=iphoneos*]" = "iPhone Developer";
				COPY_PHASE_STRIP = NO;
				DEBUG_INFORMATION_FORMAT = "dwarf-with-dsym";
				ENABLE_NS_ASSERTIONS = NO;
				ENABLE_STRICT_OBJC_MSGSEND = YES;
				GCC_C_LANGUAGE_STANDARD = gnu99;
				GCC_NO_COMMON_BLOCKS = YES;
				GCC_WARN_64_TO_32_BIT_CONVERSION = YES;
				GCC_WARN_ABOUT_RETURN_TYPE = YES_ERROR;
				GCC_WARN_UNDECLARED_SELECTOR = YES;
				GCC_WARN_UNINITIALIZED_AUTOS = YES_AGGRESSIVE;
				GCC_WARN_UNUSED_FUNCTION = YES;
				GCC_WARN_UNUSED_VARIABLE = YES;
				IPHONEOS_DEPLOYMENT_TARGET = 10.3;
				MTL_ENABLE_DEBUG_INFO = NO;
				SDKROOT = iphoneos;
				SWIFT_OPTIMIZATION_LEVEL = "-Owholemodule";
				TARGETED_DEVICE_FAMILY = "1,2";
				VALIDATE_PRODUCT = YES;
			};
			name = Release;
		};
		1C7FC9941F282AE300FBC5DA /* Debug */ = {
			isa = XCBuildConfiguration;
			baseConfigurationReference = CE7A319778975AD5D28E324B /* Pods-GridMaker.debug.xcconfig */;
			buildSettings = {
				ASSETCATALOG_COMPILER_APPICON_NAME = AppIcon;
				CLANG_ENABLE_MODULES = YES;
				DEVELOPMENT_TEAM = LESN4U5NE7;
				INFOPLIST_FILE = GridMaker/Info.plist;
				LD_RUNPATH_SEARCH_PATHS = "$(inherited) @executable_path/Frameworks";
				PRODUCT_BUNDLE_IDENTIFIER = com.rutinfc.ios.GridMaker;
				PRODUCT_NAME = "$(TARGET_NAME)";
				SWIFT_OPTIMIZATION_LEVEL = "-Onone";
				SWIFT_VERSION = 3.0;
			};
			name = Debug;
		};
		1C7FC9951F282AE300FBC5DA /* Release */ = {
			isa = XCBuildConfiguration;
			baseConfigurationReference = DCCC1DBAA46A2976508188BC /* Pods-GridMaker.release.xcconfig */;
			buildSettings = {
				ASSETCATALOG_COMPILER_APPICON_NAME = AppIcon;
				CLANG_ENABLE_MODULES = YES;
				DEVELOPMENT_TEAM = LESN4U5NE7;
				INFOPLIST_FILE = GridMaker/Info.plist;
				LD_RUNPATH_SEARCH_PATHS = "$(inherited) @executable_path/Frameworks";
				PRODUCT_BUNDLE_IDENTIFIER = com.rutinfc.ios.GridMaker;
				PRODUCT_NAME = "$(TARGET_NAME)";
				SWIFT_VERSION = 3.0;
			};
			name = Release;
		};
/* End XCBuildConfiguration section */

/* Begin XCConfigurationList section */
		1C7FC97C1F282AE200FBC5DA /* Build configuration list for PBXProject "GridMaker" */ = {
			isa = XCConfigurationList;
			buildConfigurations = (
				1C7FC9911F282AE300FBC5DA /* Debug */,
				1C7FC9921F282AE300FBC5DA /* Release */,
			);
			defaultConfigurationIsVisible = 0;
			defaultConfigurationName = Release;
		};
		1C7FC9931F282AE300FBC5DA /* Build configuration list for PBXNativeTarget "GridMaker" */ = {
			isa = XCConfigurationList;
			buildConfigurations = (
				1C7FC9941F282AE300FBC5DA /* Debug */,
				1C7FC9951F282AE300FBC5DA /* Release */,
			);
			defaultConfigurationIsVisible = 0;
			defaultConfigurationName = Release;
		};
/* End XCConfigurationList section */
	};
	rootObject = 1C7FC9791F282AE200FBC5DA /* Project object */;
}
